
Microsoft Visual Studio Solution File, Format Version 12.00
# Visual Studio Version 16
VisualStudioVersion = 16.0.29920.165
MinimumVisualStudioVersion = 10.0.40219.1
Project("{9A19103F-16F7-4668-BE54-9A1E7A4F7556}") = "BancaTest2", "BancaTest2.csproj", "{F73E5525-41BB-4421-B66E-D23B6A6B084D}"
EndProject
Global
	GlobalSection(SolutionConfigurationPlatforms) = preSolution
		Debug|Any CPU = Debug|Any CPU
		Release|Any CPU = Release|Any CPU
	EndGlobalSection
	GlobalSection(ProjectConfigurationPlatforms) = postSolution
		{F73E5525-41BB-4421-B66E-D23B6A6B084D}.Debug|Any CPU.ActiveCfg = Debug|Any CPU
		{F73E5525-41BB-4421-B66E-D23B6A6B084D}.Debug|Any CPU.Build.0 = Debug|Any CPU
		{F73E5525-41BB-4421-B66E-D23B6A6B084D}.Release|Any CPU.ActiveCfg = Release|Any CPU
		{F73E5525-41BB-4421-B66E-D23B6A6B084D}.Release|Any CPU.Build.0 = Release|Any CPU
	EndGlobalSection
	GlobalSection(SolutionProperties) = preSolution
		HideSolutionNode = FALSE
	EndGlobalSection
	GlobalSection(ExtensibilityGlobals) = postSolution
		SolutionGuid = {97F4A671-AD75-4C77-BB8A-401F1EF1F589}
	EndGlobalSection
EndGlobal
